
Microsoft Visual Studio Solution File, Format Version 12.00
# Visual Studio Version 17
VisualStudioVersion = 17.8.34309.116
MinimumVisualStudioVersion = 10.0.40219.1
Project("{FAE04EC0-301F-11D3-BF4B-00C04F79EFBC}") = "ReportManager", "ReportManager\ReportManager.csproj", "{92689362-F611-4B78-B738-3CA898010EBF}"
EndProject
Global
	GlobalSection(SolutionConfigurationPlatforms) = preSolution
		Debug|Any CPU = Debug|Any CPU
		Release|Any CPU = Release|Any CPU
	EndGlobalSection
	GlobalSection(ProjectConfigurationPlatforms) = postSolution
		{92689362-F611-4B78-B738-3CA898010EBF}.Debug|Any CPU.ActiveCfg = Debug|Any CPU
		{92689362-F611-4B78-B738-3CA898010EBF}.Debug|Any CPU.Build.0 = Debug|Any CPU
		{92689362-F611-4B78-B738-3CA898010EBF}.Release|Any CPU.ActiveCfg = Release|Any CPU
		{92689362-F611-4B78-B738-3CA898010EBF}.Release|Any CPU.Build.0 = Release|Any CPU
	EndGlobalSection
	GlobalSection(SolutionProperties) = preSolution
		HideSolutionNode = FALSE
	EndGlobalSection
	GlobalSection(ExtensibilityGlobals) = postSolution
		SolutionGuid = {8020BE8C-B96E-468A-BBA3-52A2FF33B9FF}
	EndGlobalSection
EndGlobal
